
Microsoft Visual Studio Solution File, Format Version 12.00
# Visual Studio Version 16
VisualStudioVersion = 16.0.29519.87
MinimumVisualStudioVersion = 10.0.40219.1
Project("{FAE04EC0-301F-11D3-BF4B-00C04F79EFBC}") = "CmsShoppingCart", "CmsShoppingCart\CmsShoppingCart.csproj", "{B29C44EC-1075-4490-B00D-5229E5CCAD8F}"
EndProject
Global
	GlobalSection(SolutionConfigurationPlatforms) = preSolution
		Debug|Any CPU = Debug|Any CPU
		Release|Any CPU = Release|Any CPU
	EndGlobalSection
	GlobalSection(ProjectConfigurationPlatforms) = postSolution
		{B29C44EC-1075-4490-B00D-5229E5CCAD8F}.Debug|Any CPU.ActiveCfg = Debug|Any CPU
		{B29C44EC-1075-4490-B00D-5229E5CCAD8F}.Debug|Any CPU.Build.0 = Debug|Any CPU
		{B29C44EC-1075-4490-B00D-5229E5CCAD8F}.Release|Any CPU.ActiveCfg = Release|Any CPU
		{B29C44EC-1075-4490-B00D-5229E5CCAD8F}.Release|Any CPU.Build.0 = Release|Any CPU
	EndGlobalSection
	GlobalSection(SolutionProperties) = preSolution
		HideSolutionNode = FALSE
	EndGlobalSection
	GlobalSection(ExtensibilityGlobals) = postSolution
		SolutionGuid = {81971DA6-CD1C-4D0B-B40B-5D9FB55C1079}
	EndGlobalSection
EndGlobal
